
Microsoft Visual Studio Solution File, Format Version 12.00
# Visual Studio 15
VisualStudioVersion = 15.0.28307.572
MinimumVisualStudioVersion = 10.0.40219.1
Project("{FAE04EC0-301F-11D3-BF4B-00C04F79EFBC}") = "CoAd.Model", "CoAd.Model\CoAd.Model.csproj", "{EEB77233-83D3-422F-854C-80AA47E1C20F}"
EndProject
Project("{FAE04EC0-301F-11D3-BF4B-00C04F79EFBC}") = "CoAd.Test", "CoAd.Test\CoAd.Test.csproj", "{0319EEC2-796A-4FB4-B763-69A60D4933A3}"
EndProject
Project("{FAE04EC0-301F-11D3-BF4B-00C04F79EFBC}") = "CoAd.Core", "CoAd.Core\CoAd.Core.csproj", "{CE9392BE-71DD-4713-A201-3DF214B47B03}"
EndProject
Project("{FAE04EC0-301F-11D3-BF4B-00C04F79EFBC}") = "CoAd.Console", "CoAd.Console\CoAd.Console.csproj", "{A640EE53-FFBD-484C-BA08-0D83D1404983}"
EndProject
Project("{FAE04EC0-301F-11D3-BF4B-00C04F79EFBC}") = "CoAd.Service", "CoAd.Service\CoAd.Service.csproj", "{EE9134F9-CDCB-44A0-8B98-9126E4B78954}"
EndProject
Project("{FAE04EC0-301F-11D3-BF4B-00C04F79EFBC}") = "CoAd.Fo.Core", "CoAd.Fo.Core\CoAd.Fo.Core.csproj", "{BD839447-4167-43A7-9254-64C4B1D638D2}"
EndProject
Project("{FAE04EC0-301F-11D3-BF4B-00C04F79EFBC}") = "CoAd.Fo.Console", "CoAd.Fo.Console\CoAd.Fo.Console.csproj", "{4C5493F7-8281-4517-94FA-991E37A514BD}"
EndProject
Project("{FAE04EC0-301F-11D3-BF4B-00C04F79EFBC}") = "CoAd.Fo.Service", "CoAd.Fo.Service\CoAd.Fo.Service.csproj", "{20AD9BAD-D654-4FFF-8F8E-052D1E8FBCA6}"
EndProject
Project("{FAE04EC0-301F-11D3-BF4B-00C04F79EFBC}") = "CoAd.Admin", "CoAd.Admin\CoAd.Admin.csproj", "{5185DAB3-0B13-413B-B5D4-ECD7C012E6CA}"
EndProject
Global
	GlobalSection(SolutionConfigurationPlatforms) = preSolution
		Debug|Any CPU = Debug|Any CPU
		Release|Any CPU = Release|Any CPU
	EndGlobalSection
	GlobalSection(ProjectConfigurationPlatforms) = postSolution
		{EEB77233-83D3-422F-854C-80AA47E1C20F}.Debug|Any CPU.ActiveCfg = Debug|Any CPU
		{EEB77233-83D3-422F-854C-80AA47E1C20F}.Debug|Any CPU.Build.0 = Debug|Any CPU
		{EEB77233-83D3-422F-854C-80AA47E1C20F}.Release|Any CPU.ActiveCfg = Release|Any CPU
		{EEB77233-83D3-422F-854C-80AA47E1C20F}.Release|Any CPU.Build.0 = Release|Any CPU
		{0319EEC2-796A-4FB4-B763-69A60D4933A3}.Debug|Any CPU.ActiveCfg = Debug|Any CPU
		{0319EEC2-796A-4FB4-B763-69A60D4933A3}.Debug|Any CPU.Build.0 = Debug|Any CPU
		{0319EEC2-796A-4FB4-B763-69A60D4933A3}.Release|Any CPU.ActiveCfg = Release|Any CPU
		{0319EEC2-796A-4FB4-B763-69A60D4933A3}.Release|Any CPU.Build.0 = Release|Any CPU
		{CE9392BE-71DD-4713-A201-3DF214B47B03}.Debug|Any CPU.ActiveCfg = Debug|Any CPU
		{CE9392BE-71DD-4713-A201-3DF214B47B03}.Debug|Any CPU.Build.0 = Debug|Any CPU
		{CE9392BE-71DD-4713-A201-3DF214B47B03}.Release|Any CPU.ActiveCfg = Release|Any CPU
		{CE9392BE-71DD-4713-A201-3DF214B47B03}.Release|Any CPU.Build.0 = Release|Any CPU
		{A640EE53-FFBD-484C-BA08-0D83D1404983}.Debug|Any CPU.ActiveCfg = Debug|Any CPU
		{A640EE53-FFBD-484C-BA08-0D83D1404983}.Debug|Any CPU.Build.0 = Debug|Any CPU
		{A640EE53-FFBD-484C-BA08-0D83D1404983}.Release|Any CPU.ActiveCfg = Release|Any CPU
		{A640EE53-FFBD-484C-BA08-0D83D1404983}.Release|Any CPU.Build.0 = Release|Any CPU
		{EE9134F9-CDCB-44A0-8B98-9126E4B78954}.Debug|Any CPU.ActiveCfg = Debug|Any CPU
		{EE9134F9-CDCB-44A0-8B98-9126E4B78954}.Debug|Any CPU.Build.0 = Debug|Any CPU
		{EE9134F9-CDCB-44A0-8B98-9126E4B78954}.Release|Any CPU.ActiveCfg = Release|Any CPU
		{EE9134F9-CDCB-44A0-8B98-9126E4B78954}.Release|Any CPU.Build.0 = Release|Any CPU
		{BD839447-4167-43A7-9254-64C4B1D638D2}.Debug|Any CPU.ActiveCfg = Debug|Any CPU
		{BD839447-4167-43A7-9254-64C4B1D638D2}.Debug|Any CPU.Build.0 = Debug|Any CPU
		{BD839447-4167-43A7-9254-64C4B1D638D2}.Release|Any CPU.ActiveCfg = Release|Any CPU
		{BD839447-4167-43A7-9254-64C4B1D638D2}.Release|Any CPU.Build.0 = Release|Any CPU
		{4C5493F7-8281-4517-94FA-991E37A514BD}.Debug|Any CPU.ActiveCfg = Debug|Any CPU
		{4C5493F7-8281-4517-94FA-991E37A514BD}.Debug|Any CPU.Build.0 = Debug|Any CPU
		{4C5493F7-8281-4517-94FA-991E37A514BD}.Release|Any CPU.ActiveCfg = Release|Any CPU
		{4C5493F7-8281-4517-94FA-991E37A514BD}.Release|Any CPU.Build.0 = Release|Any CPU
		{20AD9BAD-D654-4FFF-8F8E-052D1E8FBCA6}.Debug|Any CPU.ActiveCfg = Debug|Any CPU
		{20AD9BAD-D654-4FFF-8F8E-052D1E8FBCA6}.Debug|Any CPU.Build.0 = Debug|Any CPU
		{20AD9BAD-D654-4FFF-8F8E-052D1E8FBCA6}.Release|Any CPU.ActiveCfg = Release|Any CPU
		{20AD9BAD-D654-4FFF-8F8E-052D1E8FBCA6}.Release|Any CPU.Build.0 = Release|Any CPU
		{5185DAB3-0B13-413B-B5D4-ECD7C012E6CA}.Debug|Any CPU.ActiveCfg = Debug|Any CPU
		{5185DAB3-0B13-413B-B5D4-ECD7C012E6CA}.Debug|Any CPU.Build.0 = Debug|Any CPU
		{5185DAB3-0B13-413B-B5D4-ECD7C012E6CA}.Release|Any CPU.ActiveCfg = Release|Any CPU
		{5185DAB3-0B13-413B-B5D4-ECD7C012E6CA}.Release|Any CPU.Build.0 = Release|Any CPU
	EndGlobalSection
	GlobalSection(SolutionProperties) = preSolution
		HideSolutionNode = FALSE
	EndGlobalSection
	GlobalSection(ExtensibilityGlobals) = postSolution
		SolutionGuid = {A8BABCAB-8572-421B-B0BB-A9F7ABA88253}
	EndGlobalSection
EndGlobal
